
Microsoft Visual Studio Solution File, Format Version 12.00
# Visual Studio Version 17
VisualStudioVersion = 17.0.31903.59
MinimumVisualStudioVersion = 10.0.40219.1
Project("{FAE04EC0-301F-11D3-BF4B-00C04F79EFBC}") = "WebApplicationsmriti", "WebApplicationsmriti\WebApplicationsmriti.csproj", "{AD81BC3F-F460-4D27-8D2F-EB45D83BB020}"
EndProject
Global
	GlobalSection(SolutionConfigurationPlatforms) = preSolution
		Debug|Any CPU = Debug|Any CPU
		Release|Any CPU = Release|Any CPU
	EndGlobalSection
	GlobalSection(ProjectConfigurationPlatforms) = postSolution
		{AD81BC3F-F460-4D27-8D2F-EB45D83BB020}.Debug|Any CPU.ActiveCfg = Debug|Any CPU
		{AD81BC3F-F460-4D27-8D2F-EB45D83BB020}.Debug|Any CPU.Build.0 = Debug|Any CPU
		{AD81BC3F-F460-4D27-8D2F-EB45D83BB020}.Release|Any CPU.ActiveCfg = Release|Any CPU
		{AD81BC3F-F460-4D27-8D2F-EB45D83BB020}.Release|Any CPU.Build.0 = Release|Any CPU
	EndGlobalSection
	GlobalSection(SolutionProperties) = preSolution
		HideSolutionNode = FALSE
	EndGlobalSection
	GlobalSection(ExtensibilityGlobals) = postSolution
		SolutionGuid = {D60AE64E-1A95-47E3-A383-B3781530CCA8}
	EndGlobalSection
EndGlobal
